
Microsoft Visual Studio Solution File, Format Version 12.00
# Visual Studio Version 16
VisualStudioVersion = 16.0.29409.12
MinimumVisualStudioVersion = 10.0.40219.1
Project("{8BC9CEB8-8B4A-11D0-8D11-00A0C91BC942}") = "05BinaryTree", "BinaryTree\BinaryTree.vcxproj", "{A941DAAF-0E72-444A-ACAB-55DFF545C7E6}"
EndProject
Project("{8BC9CEB8-8B4A-11D0-8D11-00A0C91BC942}") = "06Graph", "Graph\Graph.vcxproj", "{C97DE8B6-DED7-48F6-AB46-B25E977F8B06}"
EndProject
Project("{8BC9CEB8-8B4A-11D0-8D11-00A0C91BC942}") = "01Vector", "Vector\Vector.vcxproj", "{26BB4F4D-9462-47BD-9EA7-B33424632E73}"
EndProject
Project("{8BC9CEB8-8B4A-11D0-8D11-00A0C91BC942}") = "02List", "02List\02List.vcxproj", "{F298FC17-B03F-4E6B-A44F-8568F58EE5F7}"
EndProject
Project("{8BC9CEB8-8B4A-11D0-8D11-00A0C91BC942}") = "03Stack", "03Stack\03Stack.vcxproj", "{1CAD93AC-2DD3-48A4-8A99-50820D8C72BD}"
EndProject
Project("{8BC9CEB8-8B4A-11D0-8D11-00A0C91BC942}") = "04Queue", "04Queue\04Queue.vcxproj", "{36776326-7B52-4DA2-8445-0C8E3B2D36C5}"
EndProject
Project("{8BC9CEB8-8B4A-11D0-8D11-00A0C91BC942}") = "99TestCode", "99TestCode\99TestCode.vcxproj", "{B3EDB529-AE46-4690-9CAC-B5A9D9AED4F7}"
EndProject
Project("{8BC9CEB8-8B4A-11D0-8D11-00A0C91BC942}") = "07BinarySearchTree", "07BST\07BST.vcxproj", "{E4E008B3-B43C-4DC2-B6C8-E53E82EA4655}"
EndProject
Project("{8BC9CEB8-8B4A-11D0-8D11-00A0C91BC942}") = "08AVLTree", "08AVLTree\08BBST.vcxproj", "{E9B6FC2F-442D-40EC-8282-F4CF16BE5730}"
EndProject
Project("{8BC9CEB8-8B4A-11D0-8D11-00A0C91BC942}") = "09SwayTree", "09SwayTree\09SwayTree.vcxproj", "{329AB83B-2C0A-4E77-ADDE-FF932118D2CC}"
EndProject
Project("{8BC9CEB8-8B4A-11D0-8D11-00A0C91BC942}") = "10BTree", "10BTree\10BTree.vcxproj", "{A6E44269-0992-41A4-B5EA-DCF6ECB25033}"
EndProject
Global
	GlobalSection(SolutionConfigurationPlatforms) = preSolution
		Debug|x64 = Debug|x64
		Debug|x86 = Debug|x86
		Release|x64 = Release|x64
		Release|x86 = Release|x86
	EndGlobalSection
	GlobalSection(ProjectConfigurationPlatforms) = postSolution
		{A941DAAF-0E72-444A-ACAB-55DFF545C7E6}.Debug|x64.ActiveCfg = Debug|x64
		{A941DAAF-0E72-444A-ACAB-55DFF545C7E6}.Debug|x64.Build.0 = Debug|x64
		{A941DAAF-0E72-444A-ACAB-55DFF545C7E6}.Debug|x86.ActiveCfg = Debug|Win32
		{A941DAAF-0E72-444A-ACAB-55DFF545C7E6}.Debug|x86.Build.0 = Debug|Win32
		{A941DAAF-0E72-444A-ACAB-55DFF545C7E6}.Release|x64.ActiveCfg = Release|x64
		{A941DAAF-0E72-444A-ACAB-55DFF545C7E6}.Release|x64.Build.0 = Release|x64
		{A941DAAF-0E72-444A-ACAB-55DFF545C7E6}.Release|x86.ActiveCfg = Release|Win32
		{A941DAAF-0E72-444A-ACAB-55DFF545C7E6}.Release|x86.Build.0 = Release|Win32
		{C97DE8B6-DED7-48F6-AB46-B25E977F8B06}.Debug|x64.ActiveCfg = Debug|x64
		{C97DE8B6-DED7-48F6-AB46-B25E977F8B06}.Debug|x64.Build.0 = Debug|x64
		{C97DE8B6-DED7-48F6-AB46-B25E977F8B06}.Debug|x86.ActiveCfg = Debug|Win32
		{C97DE8B6-DED7-48F6-AB46-B25E977F8B06}.Debug|x86.Build.0 = Debug|Win32
		{C97DE8B6-DED7-48F6-AB46-B25E977F8B06}.Release|x64.ActiveCfg = Release|x64
		{C97DE8B6-DED7-48F6-AB46-B25E977F8B06}.Release|x64.Build.0 = Release|x64
		{C97DE8B6-DED7-48F6-AB46-B25E977F8B06}.Release|x86.ActiveCfg = Release|Win32
		{C97DE8B6-DED7-48F6-AB46-B25E977F8B06}.Release|x86.Build.0 = Release|Win32
		{26BB4F4D-9462-47BD-9EA7-B33424632E73}.Debug|x64.ActiveCfg = Debug|x64
		{26BB4F4D-9462-47BD-9EA7-B33424632E73}.Debug|x64.Build.0 = Debug|x64
		{26BB4F4D-9462-47BD-9EA7-B33424632E73}.Debug|x86.ActiveCfg = Debug|Win32
		{26BB4F4D-9462-47BD-9EA7-B33424632E73}.Debug|x86.Build.0 = Debug|Win32
		{26BB4F4D-9462-47BD-9EA7-B33424632E73}.Release|x64.ActiveCfg = Release|x64
		{26BB4F4D-9462-47BD-9EA7-B33424632E73}.Release|x64.Build.0 = Release|x64
		{26BB4F4D-9462-47BD-9EA7-B33424632E73}.Release|x86.ActiveCfg = Release|Win32
		{26BB4F4D-9462-47BD-9EA7-B33424632E73}.Release|x86.Build.0 = Release|Win32
		{F298FC17-B03F-4E6B-A44F-8568F58EE5F7}.Debug|x64.ActiveCfg = Debug|x64
		{F298FC17-B03F-4E6B-A44F-8568F58EE5F7}.Debug|x64.Build.0 = Debug|x64
		{F298FC17-B03F-4E6B-A44F-8568F58EE5F7}.Debug|x86.ActiveCfg = Debug|Win32
		{F298FC17-B03F-4E6B-A44F-8568F58EE5F7}.Debug|x86.Build.0 = Debug|Win32
		{F298FC17-B03F-4E6B-A44F-8568F58EE5F7}.Release|x64.ActiveCfg = Release|x64
		{F298FC17-B03F-4E6B-A44F-8568F58EE5F7}.Release|x64.Build.0 = Release|x64
		{F298FC17-B03F-4E6B-A44F-8568F58EE5F7}.Release|x86.ActiveCfg = Release|Win32
		{F298FC17-B03F-4E6B-A44F-8568F58EE5F7}.Release|x86.Build.0 = Release|Win32
		{1CAD93AC-2DD3-48A4-8A99-50820D8C72BD}.Debug|x64.ActiveCfg = Debug|x64
		{1CAD93AC-2DD3-48A4-8A99-50820D8C72BD}.Debug|x64.Build.0 = Debug|x64
		{1CAD93AC-2DD3-48A4-8A99-50820D8C72BD}.Debug|x86.ActiveCfg = Debug|Win32
		{1CAD93AC-2DD3-48A4-8A99-50820D8C72BD}.Debug|x86.Build.0 = Debug|Win32
		{1CAD93AC-2DD3-48A4-8A99-50820D8C72BD}.Release|x64.ActiveCfg = Release|x64
		{1CAD93AC-2DD3-48A4-8A99-50820D8C72BD}.Release|x64.Build.0 = Release|x64
		{1CAD93AC-2DD3-48A4-8A99-50820D8C72BD}.Release|x86.ActiveCfg = Release|Win32
		{1CAD93AC-2DD3-48A4-8A99-50820D8C72BD}.Release|x86.Build.0 = Release|Win32
		{36776326-7B52-4DA2-8445-0C8E3B2D36C5}.Debug|x64.ActiveCfg = Debug|x64
		{36776326-7B52-4DA2-8445-0C8E3B2D36C5}.Debug|x64.Build.0 = Debug|x64
		{36776326-7B52-4DA2-8445-0C8E3B2D36C5}.Debug|x86.ActiveCfg = Debug|Win32
		{36776326-7B52-4DA2-8445-0C8E3B2D36C5}.Debug|x86.Build.0 = Debug|Win32
		{36776326-7B52-4DA2-8445-0C8E3B2D36C5}.Release|x64.ActiveCfg = Release|x64
		{36776326-7B52-4DA2-8445-0C8E3B2D36C5}.Release|x64.Build.0 = Release|x64
		{36776326-7B52-4DA2-8445-0C8E3B2D36C5}.Release|x86.ActiveCfg = Release|Win32
		{36776326-7B52-4DA2-8445-0C8E3B2D36C5}.Release|x86.Build.0 = Release|Win32
		{B3EDB529-AE46-4690-9CAC-B5A9D9AED4F7}.Debug|x64.ActiveCfg = Debug|x64
		{B3EDB529-AE46-4690-9CAC-B5A9D9AED4F7}.Debug|x64.Build.0 = Debug|x64
		{B3EDB529-AE46-4690-9CAC-B5A9D9AED4F7}.Debug|x86.ActiveCfg = Debug|Win32
		{B3EDB529-AE46-4690-9CAC-B5A9D9AED4F7}.Debug|x86.Build.0 = Debug|Win32
		{B3EDB529-AE46-4690-9CAC-B5A9D9AED4F7}.Release|x64.ActiveCfg = Release|x64
		{B3EDB529-AE46-4690-9CAC-B5A9D9AED4F7}.Release|x64.Build.0 = Release|x64
		{B3EDB529-AE46-4690-9CAC-B5A9D9AED4F7}.Release|x86.ActiveCfg = Release|Win32
		{B3EDB529-AE46-4690-9CAC-B5A9D9AED4F7}.Release|x86.Build.0 = Release|Win32
		{E4E008B3-B43C-4DC2-B6C8-E53E82EA4655}.Debug|x64.ActiveCfg = Debug|x64
		{E4E008B3-B43C-4DC2-B6C8-E53E82EA4655}.Debug|x64.Build.0 = Debug|x64
		{E4E008B3-B43C-4DC2-B6C8-E53E82EA4655}.Debug|x86.ActiveCfg = Debug|Win32
		{E4E008B3-B43C-4DC2-B6C8-E53E82EA4655}.Debug|x86.Build.0 = Debug|Win32
		{E4E008B3-B43C-4DC2-B6C8-E53E82EA4655}.Release|x64.ActiveCfg = Release|x64
		{E4E008B3-B43C-4DC2-B6C8-E53E82EA4655}.Release|x64.Build.0 = Release|x64
		{E4E008B3-B43C-4DC2-B6C8-E53E82EA4655}.Release|x86.ActiveCfg = Release|Win32
		{E4E008B3-B43C-4DC2-B6C8-E53E82EA4655}.Release|x86.Build.0 = Release|Win32
		{E9B6FC2F-442D-40EC-8282-F4CF16BE5730}.Debug|x64.ActiveCfg = Debug|x64
		{E9B6FC2F-442D-40EC-8282-F4CF16BE5730}.Debug|x64.Build.0 = Debug|x64
		{E9B6FC2F-442D-40EC-8282-F4CF16BE5730}.Debug|x86.ActiveCfg = Debug|Win32
		{E9B6FC2F-442D-40EC-8282-F4CF16BE5730}.Debug|x86.Build.0 = Debug|Win32
		{E9B6FC2F-442D-40EC-8282-F4CF16BE5730}.Release|x64.ActiveCfg = Release|x64
		{E9B6FC2F-442D-40EC-8282-F4CF16BE5730}.Release|x64.Build.0 = Release|x64
		{E9B6FC2F-442D-40EC-8282-F4CF16BE5730}.Release|x86.ActiveCfg = Release|Win32
		{E9B6FC2F-442D-40EC-8282-F4CF16BE5730}.Release|x86.Build.0 = Release|Win32
		{329AB83B-2C0A-4E77-ADDE-FF932118D2CC}.Debug|x64.ActiveCfg = Debug|x64
		{329AB83B-2C0A-4E77-ADDE-FF932118D2CC}.Debug|x64.Build.0 = Debug|x64
		{329AB83B-2C0A-4E77-ADDE-FF932118D2CC}.Debug|x86.ActiveCfg = Debug|Win32
		{329AB83B-2C0A-4E77-ADDE-FF932118D2CC}.Debug|x86.Build.0 = Debug|Win32
		{329AB83B-2C0A-4E77-ADDE-FF932118D2CC}.Release|x64.ActiveCfg = Release|x64
		{329AB83B-2C0A-4E77-ADDE-FF932118D2CC}.Release|x64.Build.0 = Release|x64
		{329AB83B-2C0A-4E77-ADDE-FF932118D2CC}.Release|x86.ActiveCfg = Release|Win32
		{329AB83B-2C0A-4E77-ADDE-FF932118D2CC}.Release|x86.Build.0 = Release|Win32
		{A6E44269-0992-41A4-B5EA-DCF6ECB25033}.Debug|x64.ActiveCfg = Debug|x64
		{A6E44269-0992-41A4-B5EA-DCF6ECB25033}.Debug|x64.Build.0 = Debug|x64
		{A6E44269-0992-41A4-B5EA-DCF6ECB25033}.Debug|x86.ActiveCfg = Debug|Win32
		{A6E44269-0992-41A4-B5EA-DCF6ECB25033}.Debug|x86.Build.0 = Debug|Win32
		{A6E44269-0992-41A4-B5EA-DCF6ECB25033}.Release|x64.ActiveCfg = Release|x64
		{A6E44269-0992-41A4-B5EA-DCF6ECB25033}.Release|x64.Build.0 = Release|x64
		{A6E44269-0992-41A4-B5EA-DCF6ECB25033}.Release|x86.ActiveCfg = Release|Win32
		{A6E44269-0992-41A4-B5EA-DCF6ECB25033}.Release|x86.Build.0 = Release|Win32
	EndGlobalSection
	GlobalSection(SolutionProperties) = preSolution
		HideSolutionNode = FALSE
	EndGlobalSection
	GlobalSection(ExtensibilityGlobals) = postSolution
		SolutionGuid = {2653190C-968F-4927-8A5E-2E48D7D3BBCF}
	EndGlobalSection
EndGlobal
